// !$*UTF8*$!
{
	archiveVersion = 1;
	classes = {
	};
	objectVersion = 46;
	objects = {

/* Begin PBXBuildFile section */
		B5B528D7F0B1B1C933C3026A /* libPods-MJHBasicFramework.a in Frameworks */ = {isa = PBXBuildFile; fileRef = 667B68C18D239F278F09DE20 /* libPods-MJHBasicFramework.a */; };
		D2160C211E83B256000EC269 /* NSString+MJHManipulation.m in Sources */ = {isa = PBXBuildFile; fileRef = D2160C201E83B256000EC269 /* NSString+MJHManipulation.m */; };
		D257C48F1E824DA70084EA14 /* main.m in Sources */ = {isa = PBXBuildFile; fileRef = D257C48E1E824DA70084EA14 /* main.m */; };
		D257C4981E824DA70084EA14 /* Main.storyboard in Resources */ = {isa = PBXBuildFile; fileRef = D257C4961E824DA70084EA14 /* Main.storyboard */; };
		D257C49D1E824DA70084EA14 /* LaunchScreen.storyboard in Resources */ = {isa = PBXBuildFile; fileRef = D257C49B1E824DA70084EA14 /* LaunchScreen.storyboard */; };
		D257C4A81E824DA70084EA14 /* MJHBasicFrameworkTests.m in Sources */ = {isa = PBXBuildFile; fileRef = D257C4A71E824DA70084EA14 /* MJHBasicFrameworkTests.m */; };
		D257C4B31E824DA70084EA14 /* MJHBasicFrameworkUITests.m in Sources */ = {isa = PBXBuildFile; fileRef = D257C4B21E824DA70084EA14 /* MJHBasicFrameworkUITests.m */; };
		D257C4C81E8254360084EA14 /* MJHAppDelegate.m in Sources */ = {isa = PBXBuildFile; fileRef = D257C4C51E8254360084EA14 /* MJHAppDelegate.m */; };
		D257C4C91E8254360084EA14 /* Assets.xcassets in Resources */ = {isa = PBXBuildFile; fileRef = D257C4C71E8254360084EA14 /* Assets.xcassets */; };
		D257C50D1E82621D0084EA14 /* NSArray+MJHArray.m in Sources */ = {isa = PBXBuildFile; fileRef = D257C4F41E82621D0084EA14 /* NSArray+MJHArray.m */; };
		D257C50E1E82621D0084EA14 /* NSData+MJHData.m in Sources */ = {isa = PBXBuildFile; fileRef = D257C4F61E82621D0084EA14 /* NSData+MJHData.m */; };
		D257C50F1E82621D0084EA14 /* NSDate+MJHDate.m in Sources */ = {isa = PBXBuildFile; fileRef = D257C4F81E82621D0084EA14 /* NSDate+MJHDate.m */; };
		D257C5101E82621D0084EA14 /* NSDictionary+MJHDictionary.m in Sources */ = {isa = PBXBuildFile; fileRef = D257C4FA1E82621D0084EA14 /* NSDictionary+MJHDictionary.m */; };
		D257C5111E82621D0084EA14 /* NSObject+MJHRuntime.m in Sources */ = {isa = PBXBuildFile; fileRef = D257C4FC1E82621D0084EA14 /* NSObject+MJHRuntime.m */; };
		D257C5121E82621D0084EA14 /* NSString+MJHEncryption.m in Sources */ = {isa = PBXBuildFile; fileRef = D257C4FE1E82621D0084EA14 /* NSString+MJHEncryption.m */; };
		D257C5131E82621D0084EA14 /* NSString+MJHHelper.m in Sources */ = {isa = PBXBuildFile; fileRef = D257C5001E82621D0084EA14 /* NSString+MJHHelper.m */; };
		D257C5141E82621D0084EA14 /* NSString+MJHRestfulRequestUtil.m in Sources */ = {isa = PBXBuildFile; fileRef = D257C5021E82621D0084EA14 /* NSString+MJHRestfulRequestUtil.m */; };
		D257C5151E82621D0084EA14 /* UIButton+MJHButton.m in Sources */ = {isa = PBXBuildFile; fileRef = D257C5041E82621D0084EA14 /* UIButton+MJHButton.m */; };
		D257C5161E82621D0084EA14 /* UIColor+MJHColor.m in Sources */ = {isa = PBXBuildFile; fileRef = D257C5061E82621D0084EA14 /* UIColor+MJHColor.m */; };
		D257C5171E82621D0084EA14 /* MJHAFNetworking.m in Sources */ = {isa = PBXBuildFile; fileRef = D257C50A1E82621D0084EA14 /* MJHAFNetworking.m */; };
		D257C5181E82621D0084EA14 /* SVProgressHUD+MJHSVProgressHUDUtil.m in Sources */ = {isa = PBXBuildFile; fileRef = D257C50C1E82621D0084EA14 /* SVProgressHUD+MJHSVProgressHUDUtil.m */; };
		D2F78C2C1E83BF4C00332E71 /* ViewController.m in Sources */ = {isa = PBXBuildFile; fileRef = D2F78C2B1E83BF4C00332E71 /* ViewController.m */; };
/* End PBXBuildFile section */

/* Begin PBXContainerItemProxy section */
		D257C4A41E824DA70084EA14 /* PBXContainerItemProxy */ = {
			isa = PBXContainerItemProxy;
			containerPortal = D257C4821E824DA70084EA14 /* Project object */;
			proxyType = 1;
			remoteGlobalIDString = D257C4891E824DA70084EA14;
			remoteInfo = MJHBasicFramework;
		};
		D257C4AF1E824DA70084EA14 /* PBXContainerItemProxy */ = {
			isa = PBXContainerItemProxy;
			containerPortal = D257C4821E824DA70084EA14 /* Project object */;
			proxyType = 1;
			remoteGlobalIDString = D257C4891E824DA70084EA14;
			remoteInfo = MJHBasicFramework;
		};
/* End PBXContainerItemProxy section */

/* Begin PBXFileReference section */
		2D3971E5716F816A68C0D6F9 /* Pods-MJHBasicFramework.debug.xcconfig */ = {isa = PBXFileReference; includeInIndex = 1; lastKnownFileType = text.xcconfig; name = "Pods-MJHBasicFramework.debug.xcconfig"; path = "Pods/Target Support Files/Pods-MJHBasicFramework/Pods-MJHBasicFramework.debug.xcconfig"; sourceTree = "<group>"; };
		667B68C18D239F278F09DE20 /* libPods-MJHBasicFramework.a */ = {isa = PBXFileReference; explicitFileType = archive.ar; includeInIndex = 0; path = "libPods-MJHBasicFramework.a"; sourceTree = BUILT_PRODUCTS_DIR; };
		D2160C1F1E83B256000EC269 /* NSString+MJHManipulation.h */ = {isa = PBXFileReference; fileEncoding = 4; lastKnownFileType = sourcecode.c.h; path = "NSString+MJHManipulation.h"; sourceTree = "<group>"; };
		D2160C201E83B256000EC269 /* NSString+MJHManipulation.m */ = {isa = PBXFileReference; fileEncoding = 4; lastKnownFileType = sourcecode.c.objc; path = "NSString+MJHManipulation.m"; sourceTree = "<group>"; };
		D257C48A1E824DA70084EA14 /* MJHBasicFramework.app */ = {isa = PBXFileReference; explicitFileType = wrapper.application; includeInIndex = 0; path = MJHBasicFramework.app; sourceTree = BUILT_PRODUCTS_DIR; };
		D257C48E1E824DA70084EA14 /* main.m */ = {isa = PBXFileReference; lastKnownFileType = sourcecode.c.objc; path = main.m; sourceTree = "<group>"; };
		D257C4971E824DA70084EA14 /* Base */ = {isa = PBXFileReference; lastKnownFileType = file.storyboard; name = Base; path = Base.lproj/Main.storyboard; sourceTree = "<group>"; };
		D257C49C1E824DA70084EA14 /* Base */ = {isa = PBXFileReference; lastKnownFileType = file.storyboard; name = Base; path = Base.lproj/LaunchScreen.storyboard; sourceTree = "<group>"; };
		D257C49E1E824DA70084EA14 /* Info.plist */ = {isa = PBXFileReference; lastKnownFileType = text.plist.xml; name = Info.plist; path = ../Info.plist; sourceTree = "<group>"; };
		D257C4A31E824DA70084EA14 /* MJHBasicFrameworkTests.xctest */ = {isa = PBXFileReference; explicitFileType = wrapper.cfbundle; includeInIndex = 0; path = MJHBasicFrameworkTests.xctest; sourceTree = BUILT_PRODUCTS_DIR; };
		D257C4A71E824DA70084EA14 /* MJHBasicFrameworkTests.m */ = {isa = PBXFileReference; lastKnownFileType = sourcecode.c.objc; path = MJHBasicFrameworkTests.m; sourceTree = "<group>"; };
		D257C4A91E824DA70084EA14 /* Info.plist */ = {isa = PBXFileReference; lastKnownFileType = text.plist.xml; path = Info.plist; sourceTree = "<group>"; };
		D257C4AE1E824DA70084EA14 /* MJHBasicFrameworkUITests.xctest */ = {isa = PBXFileReference; explicitFileType = wrapper.cfbundle; includeInIndex = 0; path = MJHBasicFrameworkUITests.xctest; sourceTree = BUILT_PRODUCTS_DIR; };
		D257C4B21E824DA70084EA14 /* MJHBasicFrameworkUITests.m */ = {isa = PBXFileReference; lastKnownFileType = sourcecode.c.objc; path = MJHBasicFrameworkUITests.m; sourceTree = "<group>"; };
		D257C4B41E824DA70084EA14 /* Info.plist */ = {isa = PBXFileReference; lastKnownFileType = text.plist.xml; path = Info.plist; sourceTree = "<group>"; };
		D257C4C41E8254360084EA14 /* MJHAppDelegate.h */ = {isa = PBXFileReference; fileEncoding = 4; lastKnownFileType = sourcecode.c.h; path = MJHAppDelegate.h; sourceTree = "<group>"; };
		D257C4C51E8254360084EA14 /* MJHAppDelegate.m */ = {isa = PBXFileReference; fileEncoding = 4; lastKnownFileType = sourcecode.c.objc; path = MJHAppDelegate.m; sourceTree = "<group>"; };
		D257C4C71E8254360084EA14 /* Assets.xcassets */ = {isa = PBXFileReference; lastKnownFileType = folder.assetcatalog; path = Assets.xcassets; sourceTree = "<group>"; };
		D257C4F31E82621D0084EA14 /* NSArray+MJHArray.h */ = {isa = PBXFileReference; fileEncoding = 4; lastKnownFileType = sourcecode.c.h; path = "NSArray+MJHArray.h"; sourceTree = "<group>"; };
		D257C4F41E82621D0084EA14 /* NSArray+MJHArray.m */ = {isa = PBXFileReference; fileEncoding = 4; lastKnownFileType = sourcecode.c.objc; path = "NSArray+MJHArray.m"; sourceTree = "<group>"; };
		D257C4F51E82621D0084EA14 /* NSData+MJHData.h */ = {isa = PBXFileReference; fileEncoding = 4; lastKnownFileType = sourcecode.c.h; path = "NSData+MJHData.h"; sourceTree = "<group>"; };
		D257C4F61E82621D0084EA14 /* NSData+MJHData.m */ = {isa = PBXFileReference; fileEncoding = 4; lastKnownFileType = sourcecode.c.objc; path = "NSData+MJHData.m"; sourceTree = "<group>"; };
		D257C4F71E82621D0084EA14 /* NSDate+MJHDate.h */ = {isa = PBXFileReference; fileEncoding = 4; lastKnownFileType = sourcecode.c.h; path = "NSDate+MJHDate.h"; sourceTree = "<group>"; };
		D257C4F81E82621D0084EA14 /* NSDate+MJHDate.m */ = {isa = PBXFileReference; fileEncoding = 4; lastKnownFileType = sourcecode.c.objc; path = "NSDate+MJHDate.m"; sourceTree = "<group>"; };
		D257C4F91E82621D0084EA14 /* NSDictionary+MJHDictionary.h */ = {isa = PBXFileReference; fileEncoding = 4; lastKnownFileType = sourcecode.c.h; path = "NSDictionary+MJHDictionary.h"; sourceTree = "<group>"; };
		D257C4FA1E82621D0084EA14 /* NSDictionary+MJHDictionary.m */ = {isa = PBXFileReference; fileEncoding = 4; lastKnownFileType = sourcecode.c.objc; path = "NSDictionary+MJHDictionary.m"; sourceTree = "<group>"; };
		D257C4FB1E82621D0084EA14 /* NSObject+MJHRuntime.h */ = {isa = PBXFileReference; fileEncoding = 4; lastKnownFileType = sourcecode.c.h; path = "NSObject+MJHRuntime.h"; sourceTree = "<group>"; };
		D257C4FC1E82621D0084EA14 /* NSObject+MJHRuntime.m */ = {isa = PBXFileReference; fileEncoding = 4; lastKnownFileType = sourcecode.c.objc; path = "NSObject+MJHRuntime.m"; sourceTree = "<group>"; };
		D257C4FD1E82621D0084EA14 /* NSString+MJHEncryption.h */ = {isa = PBXFileReference; fileEncoding = 4; lastKnownFileType = sourcecode.c.h; path = "NSString+MJHEncryption.h"; sourceTree = "<group>"; };
		D257C4FE1E82621D0084EA14 /* NSString+MJHEncryption.m */ = {isa = PBXFileReference; fileEncoding = 4; lastKnownFileType = sourcecode.c.objc; path = "NSString+MJHEncryption.m"; sourceTree = "<group>"; };
		D257C4FF1E82621D0084EA14 /* NSString+MJHHelper.h */ = {isa = PBXFileReference; fileEncoding = 4; lastKnownFileType = sourcecode.c.h; path = "NSString+MJHHelper.h"; sourceTree = "<group>"; };
		D257C5001E82621D0084EA14 /* NSString+MJHHelper.m */ = {isa = PBXFileReference; fileEncoding = 4; lastKnownFileType = sourcecode.c.objc; path = "NSString+MJHHelper.m"; sourceTree = "<group>"; };
		D257C5011E82621D0084EA14 /* NSString+MJHRestfulRequestUtil.h */ = {isa = PBXFileReference; fileEncoding = 4; lastKnownFileType = sourcecode.c.h; path = "NSString+MJHRestfulRequestUtil.h"; sourceTree = "<group>"; };
		D257C5021E82621D0084EA14 /* NSString+MJHRestfulRequestUtil.m */ = {isa = PBXFileReference; fileEncoding = 4; lastKnownFileType = sourcecode.c.objc; path = "NSString+MJHRestfulRequestUtil.m"; sourceTree = "<group>"; };
		D257C5031E82621D0084EA14 /* UIButton+MJHButton.h */ = {isa = PBXFileReference; fileEncoding = 4; lastKnownFileType = sourcecode.c.h; path = "UIButton+MJHButton.h"; sourceTree = "<group>"; };
		D257C5041E82621D0084EA14 /* UIButton+MJHButton.m */ = {isa = PBXFileReference; fileEncoding = 4; lastKnownFileType = sourcecode.c.objc; path = "UIButton+MJHButton.m"; sourceTree = "<group>"; };
		D257C5051E82621D0084EA14 /* UIColor+MJHColor.h */ = {isa = PBXFileReference; fileEncoding = 4; lastKnownFileType = sourcecode.c.h; path = "UIColor+MJHColor.h"; sourceTree = "<group>"; };
		D257C5061E82621D0084EA14 /* UIColor+MJHColor.m */ = {isa = PBXFileReference; fileEncoding = 4; lastKnownFileType = sourcecode.c.objc; path = "UIColor+MJHColor.m"; sourceTree = "<group>"; };
		D257C5071E82621D0084EA14 /* MJHCategoriesHeader.h */ = {isa = PBXFileReference; fileEncoding = 4; lastKnownFileType = sourcecode.c.h; path = MJHCategoriesHeader.h; sourceTree = "<group>"; };
		D257C5091E82621D0084EA14 /* MJHAFNetworking.h */ = {isa = PBXFileReference; fileEncoding = 4; lastKnownFileType = sourcecode.c.h; path = MJHAFNetworking.h; sourceTree = "<group>"; };
		D257C50A1E82621D0084EA14 /* MJHAFNetworking.m */ = {isa = PBXFileReference; fileEncoding = 4; lastKnownFileType = sourcecode.c.objc; path = MJHAFNetworking.m; sourceTree = "<group>"; };
		D257C50B1E82621D0084EA14 /* SVProgressHUD+MJHSVProgressHUDUtil.h */ = {isa = PBXFileReference; fileEncoding = 4; lastKnownFileType = sourcecode.c.h; path = "SVProgressHUD+MJHSVProgressHUDUtil.h"; sourceTree = "<group>"; };
		D257C50C1E82621D0084EA14 /* SVProgressHUD+MJHSVProgressHUDUtil.m */ = {isa = PBXFileReference; fileEncoding = 4; lastKnownFileType = sourcecode.c.objc; path = "SVProgressHUD+MJHSVProgressHUDUtil.m"; sourceTree = "<group>"; };
		D257C51C1E8350280084EA14 /* MJHPrefixHeader.pch */ = {isa = PBXFileReference; fileEncoding = 4; lastKnownFileType = sourcecode.c.h; path = MJHPrefixHeader.pch; sourceTree = "<group>"; };
		D2F78C2A1E83BF4C00332E71 /* ViewController.h */ = {isa = PBXFileReference; fileEncoding = 4; lastKnownFileType = sourcecode.c.h; path = ViewController.h; sourceTree = "<group>"; };
		D2F78C2B1E83BF4C00332E71 /* ViewController.m */ = {isa = PBXFileReference; fileEncoding = 4; lastKnownFileType = sourcecode.c.objc; path = ViewController.m; sourceTree = "<group>"; };
		DA32244329D02E54DA392DB5 /* Pods-MJHBasicFramework.release.xcconfig */ = {isa = PBXFileReference; includeInIndex = 1; lastKnownFileType = text.xcconfig; name = "Pods-MJHBasicFramework.release.xcconfig"; path = "Pods/Target Support Files/Pods-MJHBasicFramework/Pods-MJHBasicFramework.release.xcconfig"; sourceTree = "<group>"; };
/* End PBXFileReference section */

/* Begin PBXFrameworksBuildPhase section */
		D257C4871E824DA70084EA14 /* Frameworks */ = {
			isa = PBXFrameworksBuildPhase;
			buildActionMask = 2147483647;
			files = (
				B5B528D7F0B1B1C933C3026A /* libPods-MJHBasicFramework.a in Frameworks */,
			);
			runOnlyForDeploymentPostprocessing = 0;
		};
		D257C4A01E824DA70084EA14 /* Frameworks */ = {
			isa = PBXFrameworksBuildPhase;
			buildActionMask = 2147483647;
			files = (
			);
			runOnlyForDeploymentPostprocessing = 0;
		};
		D257C4AB1E824DA70084EA14 /* Frameworks */ = {
			isa = PBXFrameworksBuildPhase;
			buildActionMask = 2147483647;
			files = (
			);
			runOnlyForDeploymentPostprocessing = 0;
		};
/* End PBXFrameworksBuildPhase section */

/* Begin PBXGroup section */
		1C40D1C5EF337177DEF01332 /* Pods */ = {
			isa = PBXGroup;
			children = (
				2D3971E5716F816A68C0D6F9 /* Pods-MJHBasicFramework.debug.xcconfig */,
				DA32244329D02E54DA392DB5 /* Pods-MJHBasicFramework.release.xcconfig */,
			);
			name = Pods;
			sourceTree = "<group>";
		};
		1E87E86DD0DE1C3A0800FAA9 /* Frameworks */ = {
			isa = PBXGroup;
			children = (
				667B68C18D239F278F09DE20 /* libPods-MJHBasicFramework.a */,
			);
			name = Frameworks;
			sourceTree = "<group>";
		};
		D257C4811E824DA70084EA14 = {
			isa = PBXGroup;
			children = (
				D257C48C1E824DA70084EA14 /* MJHBasicFramework */,
				D257C4A61E824DA70084EA14 /* MJHBasicFrameworkTests */,
				D257C4B11E824DA70084EA14 /* MJHBasicFrameworkUITests */,
				D257C48B1E824DA70084EA14 /* Products */,
				1C40D1C5EF337177DEF01332 /* Pods */,
				1E87E86DD0DE1C3A0800FAA9 /* Frameworks */,
			);
			sourceTree = "<group>";
		};
		D257C48B1E824DA70084EA14 /* Products */ = {
			isa = PBXGroup;
			children = (
				D257C48A1E824DA70084EA14 /* MJHBasicFramework.app */,
				D257C4A31E824DA70084EA14 /* MJHBasicFrameworkTests.xctest */,
				D257C4AE1E824DA70084EA14 /* MJHBasicFrameworkUITests.xctest */,
			);
			name = Products;
			sourceTree = "<group>";
		};
		D257C48C1E824DA70084EA14 /* MJHBasicFramework */ = {
			isa = PBXGroup;
			children = (
				D257C4C11E8254360084EA14 /* Configure */,
				D257C4C31E8254360084EA14 /* Main */,
				D257C5191E834FE90084EA14 /* Class */,
				D257C51A1E834FE90084EA14 /* Components */,
				D257C51B1E834FE90084EA14 /* DataStore */,
				D257C4C21E8254360084EA14 /* Library */,
				D257C4C61E8254360084EA14 /* Resources */,
				D257C48D1E824DA70084EA14 /* Supporting Files */,
			);
			path = MJHBasicFramework;
			sourceTree = "<group>";
		};
		D257C48D1E824DA70084EA14 /* Supporting Files */ = {
			isa = PBXGroup;
			children = (
				D257C48E1E824DA70084EA14 /* main.m */,
			);
			name = "Supporting Files";
			sourceTree = "<group>";
		};
		D257C4A61E824DA70084EA14 /* MJHBasicFrameworkTests */ = {
			isa = PBXGroup;
			children = (
				D257C4A71E824DA70084EA14 /* MJHBasicFrameworkTests.m */,
				D257C4A91E824DA70084EA14 /* Info.plist */,
			);
			path = MJHBasicFrameworkTests;
			sourceTree = "<group>";
		};
		D257C4B11E824DA70084EA14 /* MJHBasicFrameworkUITests */ = {
			isa = PBXGroup;
			children = (
				D257C4B21E824DA70084EA14 /* MJHBasicFrameworkUITests.m */,
				D257C4B41E824DA70084EA14 /* Info.plist */,
			);
			path = MJHBasicFrameworkUITests;
			sourceTree = "<group>";
		};
		D257C4C11E8254360084EA14 /* Configure */ = {
			isa = PBXGroup;
			children = (
				D257C51C1E8350280084EA14 /* MJHPrefixHeader.pch */,
			);
			path = Configure;
			sourceTree = "<group>";
		};
		D257C4C21E8254360084EA14 /* Library */ = {
			isa = PBXGroup;
			children = (
				D257C4F11E82621D0084EA14 /* MJHFoundation */,
			);
			path = Library;
			sourceTree = "<group>";
		};
		D257C4C31E8254360084EA14 /* Main */ = {
			isa = PBXGroup;
			children = (
				D257C4961E824DA70084EA14 /* Main.storyboard */,
				D257C4C41E8254360084EA14 /* MJHAppDelegate.h */,
				D257C4C51E8254360084EA14 /* MJHAppDelegate.m */,
			);
			path = Main;
			sourceTree = "<group>";
		};
		D257C4C61E8254360084EA14 /* Resources */ = {
			isa = PBXGroup;
			children = (
				D257C49B1E824DA70084EA14 /* LaunchScreen.storyboard */,
				D257C49E1E824DA70084EA14 /* Info.plist */,
				D257C4C71E8254360084EA14 /* Assets.xcassets */,
			);
			path = Resources;
			sourceTree = "<group>";
		};
		D257C4F11E82621D0084EA14 /* MJHFoundation */ = {
			isa = PBXGroup;
			children = (
				D257C5071E82621D0084EA14 /* MJHCategoriesHeader.h */,
				D257C4F21E82621D0084EA14 /* MJHCategories */,
				D257C5081E82621D0084EA14 /* MJHNetworking */,
			);
			path = MJHFoundation;
			sourceTree = "<group>";
		};
		D257C4F21E82621D0084EA14 /* MJHCategories */ = {
			isa = PBXGroup;
			children = (
				D257C4F31E82621D0084EA14 /* NSArray+MJHArray.h */,
				D257C4F41E82621D0084EA14 /* NSArray+MJHArray.m */,
				D257C4F51E82621D0084EA14 /* NSData+MJHData.h */,
				D257C4F61E82621D0084EA14 /* NSData+MJHData.m */,
				D257C4F71E82621D0084EA14 /* NSDate+MJHDate.h */,
				D257C4F81E82621D0084EA14 /* NSDate+MJHDate.m */,
				D257C4F91E82621D0084EA14 /* NSDictionary+MJHDictionary.h */,
				D257C4FA1E82621D0084EA14 /* NSDictionary+MJHDictionary.m */,
				D257C4FB1E82621D0084EA14 /* NSObject+MJHRuntime.h */,
				D257C4FC1E82621D0084EA14 /* NSObject+MJHRuntime.m */,
				D257C4FD1E82621D0084EA14 /* NSString+MJHEncryption.h */,
				D257C4FE1E82621D0084EA14 /* NSString+MJHEncryption.m */,
				D257C4FF1E82621D0084EA14 /* NSString+MJHHelper.h */,
				D257C5001E82621D0084EA14 /* NSString+MJHHelper.m */,
				D257C5011E82621D0084EA14 /* NSString+MJHRestfulRequestUtil.h */,
				D257C5021E82621D0084EA14 /* NSString+MJHRestfulRequestUtil.m */,
				D257C5031E82621D0084EA14 /* UIButton+MJHButton.h */,
				D257C5041E82621D0084EA14 /* UIButton+MJHButton.m */,
				D257C5051E82621D0084EA14 /* UIColor+MJHColor.h */,
				D257C5061E82621D0084EA14 /* UIColor+MJHColor.m */,
				D2160C1F1E83B256000EC269 /* NSString+MJHManipulation.h */,
				D2160C201E83B256000EC269 /* NSString+MJHManipulation.m */,
			);
			path = MJHCategories;
			sourceTree = "<group>";
		};
		D257C5081E82621D0084EA14 /* MJHNetworking */ = {
			isa = PBXGroup;
			children = (
				D257C5091E82621D0084EA14 /* MJHAFNetworking.h */,
				D257C50A1E82621D0084EA14 /* MJHAFNetworking.m */,
				D257C50B1E82621D0084EA14 /* SVProgressHUD+MJHSVProgressHUDUtil.h */,
				D257C50C1E82621D0084EA14 /* SVProgressHUD+MJHSVProgressHUDUtil.m */,
			);
			path = MJHNetworking;
			sourceTree = "<group>";
		};
		D257C5191E834FE90084EA14 /* Class */ = {
			isa = PBXGroup;
			children = (
				D2F78C2A1E83BF4C00332E71 /* ViewController.h */,
				D2F78C2B1E83BF4C00332E71 /* ViewController.m */,
			);
			path = Class;
			sourceTree = "<group>";
		};
		D257C51A1E834FE90084EA14 /* Components */ = {
			isa = PBXGroup;
			children = (
			);
			path = Components;
			sourceTree = "<group>";
		};
		D257C51B1E834FE90084EA14 /* DataStore */ = {
			isa = PBXGroup;
			children = (
			);
			path = DataStore;
			sourceTree = "<group>";
		};
/* End PBXGroup section */

/* Begin PBXNativeTarget section */
		D257C4891E824DA70084EA14 /* MJHBasicFramework */ = {
			isa = PBXNativeTarget;
			buildConfigurationList = D257C4B71E824DA70084EA14 /* Build configuration list for PBXNativeTarget "MJHBasicFramework" */;
			buildPhases = (
				5B81DB83F26A8A13B65E3083 /* [CP] Check Pods Manifest.lock */,
				D257C4861E824DA70084EA14 /* Sources */,
				D257C4871E824DA70084EA14 /* Frameworks */,
				D257C4881E824DA70084EA14 /* Resources */,
				495349861FC2C41A3DD7A9E2 /* [CP] Embed Pods Frameworks */,
				E63532D5DBA282365400B918 /* [CP] Copy Pods Resources */,
			);
			buildRules = (
			);
			dependencies = (
			);
			name = MJHBasicFramework;
			productName = MJHBasicFramework;
			productReference = D257C48A1E824DA70084EA14 /* MJHBasicFramework.app */;
			productType = "com.apple.product-type.application";
		};
		D257C4A21E824DA70084EA14 /* MJHBasicFrameworkTests */ = {
			isa = PBXNativeTarget;
			buildConfigurationList = D257C4BA1E824DA70084EA14 /* Build configuration list for PBXNativeTarget "MJHBasicFrameworkTests" */;
			buildPhases = (
				D257C49F1E824DA70084EA14 /* Sources */,
				D257C4A01E824DA70084EA14 /* Frameworks */,
				D257C4A11E824DA70084EA14 /* Resources */,
			);
			buildRules = (
			);
			dependencies = (
				D257C4A51E824DA70084EA14 /* PBXTargetDependency */,
			);
			name = MJHBasicFrameworkTests;
			productName = MJHBasicFrameworkTests;
			productReference = D257C4A31E824DA70084EA14 /* MJHBasicFrameworkTests.xctest */;
			productType = "com.apple.product-type.bundle.unit-test";
		};
		D257C4AD1E824DA70084EA14 /* MJHBasicFrameworkUITests */ = {
			isa = PBXNativeTarget;
			buildConfigurationList = D257C4BD1E824DA70084EA14 /* Build configuration list for PBXNativeTarget "MJHBasicFrameworkUITests" */;
			buildPhases = (
				D257C4AA1E824DA70084EA14 /* Sources */,
				D257C4AB1E824DA70084EA14 /* Frameworks */,
				D257C4AC1E824DA70084EA14 /* Resources */,
			);
			buildRules = (
			);
			dependencies = (
				D257C4B01E824DA70084EA14 /* PBXTargetDependency */,
			);
			name = MJHBasicFrameworkUITests;
			productName = MJHBasicFrameworkUITests;
			productReference = D257C4AE1E824DA70084EA14 /* MJHBasicFrameworkUITests.xctest */;
			productType = "com.apple.product-type.bundle.ui-testing";
		};
/* End PBXNativeTarget section */

/* Begin PBXProject section */
		D257C4821E824DA70084EA14 /* Project object */ = {
			isa = PBXProject;
			attributes = {
				LastUpgradeCheck = 0820;
				ORGANIZATIONNAME = "孟家豪";
				TargetAttributes = {
					D257C4891E824DA70084EA14 = {
						CreatedOnToolsVersion = 8.2.1;
						DevelopmentTeam = DASVFR84HQ;
						ProvisioningStyle = Automatic;
					};
					D257C4A21E824DA70084EA14 = {
						CreatedOnToolsVersion = 8.2.1;
						ProvisioningStyle = Automatic;
						TestTargetID = D257C4891E824DA70084EA14;
					};
					D257C4AD1E824DA70084EA14 = {
						CreatedOnToolsVersion = 8.2.1;
						ProvisioningStyle = Automatic;
						TestTargetID = D257C4891E824DA70084EA14;
					};
				};
			};
			buildConfigurationList = D257C4851E824DA70084EA14 /* Build configuration list for PBXProject "MJHBasicFramework" */;
			compatibilityVersion = "Xcode 3.2";
			developmentRegion = English;
			hasScannedForEncodings = 0;
			knownRegions = (
				en,
				Base,
			);
			mainGroup = D257C4811E824DA70084EA14;
			productRefGroup = D257C48B1E824DA70084EA14 /* Products */;
			projectDirPath = "";
			projectRoot = "";
			targets = (
				D257C4891E824DA70084EA14 /* MJHBasicFramework */,
				D257C4A21E824DA70084EA14 /* MJHBasicFrameworkTests */,
				D257C4AD1E824DA70084EA14 /* MJHBasicFrameworkUITests */,
			);
		};
/* End PBXProject section */

/* Begin PBXResourcesBuildPhase section */
		D257C4881E824DA70084EA14 /* Resources */ = {
			isa = PBXResourcesBuildPhase;
			buildActionMask = 2147483647;
			files = (
				D257C49D1E824DA70084EA14 /* LaunchScreen.storyboard in Resources */,
				D257C4C91E8254360084EA14 /* Assets.xcassets in Resources */,
				D257C4981E824DA70084EA14 /* Main.storyboard in Resources */,
			);
			runOnlyForDeploymentPostprocessing = 0;
		};
		D257C4A11E824DA70084EA14 /* Resources */ = {
			isa = PBXResourcesBuildPhase;
			buildActionMask = 2147483647;
			files = (
			);
			runOnlyForDeploymentPostprocessing = 0;
		};
		D257C4AC1E824DA70084EA14 /* Resources */ = {
			isa = PBXResourcesBuildPhase;
			buildActionMask = 2147483647;
			files = (
			);
			runOnlyForDeploymentPostprocessing = 0;
		};
/* End PBXResourcesBuildPhase section */

/* Begin PBXShellScriptBuildPhase section */
		495349861FC2C41A3DD7A9E2 /* [CP] Embed Pods Frameworks */ = {
			isa = PBXShellScriptBuildPhase;
			buildActionMask = 2147483647;
			files = (
			);
			inputPaths = (
			);
			name = "[CP] Embed Pods Frameworks";
			outputPaths = (
			);
			runOnlyForDeploymentPostprocessing = 0;
			shellPath = /bin/sh;
			shellScript = "\"${SRCROOT}/Pods/Target Support Files/Pods-MJHBasicFramework/Pods-MJHBasicFramework-frameworks.sh\"\n";
			showEnvVarsInLog = 0;
		};
		5B81DB83F26A8A13B65E3083 /* [CP] Check Pods Manifest.lock */ = {
			isa = PBXShellScriptBuildPhase;
			buildActionMask = 2147483647;
			files = (
			);
			inputPaths = (
			);
			name = "[CP] Check Pods Manifest.lock";
			outputPaths = (
			);
			runOnlyForDeploymentPostprocessing = 0;
			shellPath = /bin/sh;
			shellScript = "diff \"${PODS_ROOT}/../Podfile.lock\" \"${PODS_ROOT}/Manifest.lock\" > /dev/null\nif [ $? != 0 ] ; then\n    # print error to STDERR\n    echo \"error: The sandbox is not in sync with the Podfile.lock. Run 'pod install' or update your CocoaPods installation.\" >&2\n    exit 1\nfi\n";
			showEnvVarsInLog = 0;
		};
		E63532D5DBA282365400B918 /* [CP] Copy Pods Resources */ = {
			isa = PBXShellScriptBuildPhase;
			buildActionMask = 2147483647;
			files = (
			);
			inputPaths = (
			);
			name = "[CP] Copy Pods Resources";
			outputPaths = (
			);
			runOnlyForDeploymentPostprocessing = 0;
			shellPath = /bin/sh;
			shellScript = "\"${SRCROOT}/Pods/Target Support Files/Pods-MJHBasicFramework/Pods-MJHBasicFramework-resources.sh\"\n";
			showEnvVarsInLog = 0;
		};
/* End PBXShellScriptBuildPhase section */

/* Begin PBXSourcesBuildPhase section */
		D257C4861E824DA70084EA14 /* Sources */ = {
			isa = PBXSourcesBuildPhase;
			buildActionMask = 2147483647;
			files = (
				D257C5141E82621D0084EA14 /* NSString+MJHRestfulRequestUtil.m in Sources */,
				D2160C211E83B256000EC269 /* NSString+MJHManipulation.m in Sources */,
				D257C5181E82621D0084EA14 /* SVProgressHUD+MJHSVProgressHUDUtil.m in Sources */,
				D257C5121E82621D0084EA14 /* NSString+MJHEncryption.m in Sources */,
				D257C5171E82621D0084EA14 /* MJHAFNetworking.m in Sources */,
				D257C5151E82621D0084EA14 /* UIButton+MJHButton.m in Sources */,
				D257C50D1E82621D0084EA14 /* NSArray+MJHArray.m in Sources */,
				D257C4C81E8254360084EA14 /* MJHAppDelegate.m in Sources */,
				D257C50E1E82621D0084EA14 /* NSData+MJHData.m in Sources */,
				D257C50F1E82621D0084EA14 /* NSDate+MJHDate.m in Sources */,
				D2F78C2C1E83BF4C00332E71 /* ViewController.m in Sources */,
				D257C5161E82621D0084EA14 /* UIColor+MJHColor.m in Sources */,
				D257C5131E82621D0084EA14 /* NSString+MJHHelper.m in Sources */,
				D257C5111E82621D0084EA14 /* NSObject+MJHRuntime.m in Sources */,
				D257C5101E82621D0084EA14 /* NSDictionary+MJHDictionary.m in Sources */,
				D257C48F1E824DA70084EA14 /* main.m in Sources */,
			);
			runOnlyForDeploymentPostprocessing = 0;
		};
		D257C49F1E824DA70084EA14 /* Sources */ = {
			isa = PBXSourcesBuildPhase;
			buildActionMask = 2147483647;
			files = (
				D257C4A81E824DA70084EA14 /* MJHBasicFrameworkTests.m in Sources */,
			);
			runOnlyForDeploymentPostprocessing = 0;
		};
		D257C4AA1E824DA70084EA14 /* Sources */ = {
			isa = PBXSourcesBuildPhase;
			buildActionMask = 2147483647;
			files = (
				D257C4B31E824DA70084EA14 /* MJHBasicFrameworkUITests.m in Sources */,
			);
			runOnlyForDeploymentPostprocessing = 0;
		};
/* End PBXSourcesBuildPhase section */

/* Begin PBXTargetDependency section */
		D257C4A51E824DA70084EA14 /* PBXTargetDependency */ = {
			isa = PBXTargetDependency;
			target = D257C4891E824DA70084EA14 /* MJHBasicFramework */;
			targetProxy = D257C4A41E824DA70084EA14 /* PBXContainerItemProxy */;
		};
		D257C4B01E824DA70084EA14 /* PBXTargetDependency */ = {
			isa = PBXTargetDependency;
			target = D257C4891E824DA70084EA14 /* MJHBasicFramework */;
			targetProxy = D257C4AF1E824DA70084EA14 /* PBXContainerItemProxy */;
		};
/* End PBXTargetDependency section */

/* Begin PBXVariantGroup section */
		D257C4961E824DA70084EA14 /* Main.storyboard */ = {
			isa = PBXVariantGroup;
			children = (
				D257C4971E824DA70084EA14 /* Base */,
			);
			name = Main.storyboard;
			path = ..;
			sourceTree = "<group>";
		};
		D257C49B1E824DA70084EA14 /* LaunchScreen.storyboard */ = {
			isa = PBXVariantGroup;
			children = (
				D257C49C1E824DA70084EA14 /* Base */,
			);
			name = LaunchScreen.storyboard;
			path = ..;
			sourceTree = "<group>";
		};
/* End PBXVariantGroup section */

/* Begin XCBuildConfiguration section */
		D257C4B51E824DA70084EA14 /* Debug */ = {
			isa = XCBuildConfiguration;
			buildSettings = {
				ALWAYS_SEARCH_USER_PATHS = NO;
				CLANG_ANALYZER_NONNULL = YES;
				CLANG_CXX_LANGUAGE_STANDARD = "gnu++0x";
				CLANG_CXX_LIBRARY = "libc++";
				CLANG_ENABLE_MODULES = YES;
				CLANG_ENABLE_OBJC_ARC = YES;
				CLANG_WARN_BOOL_CONVERSION = YES;
				CLANG_WARN_CONSTANT_CONVERSION = YES;
				CLANG_WARN_DIRECT_OBJC_ISA_USAGE = YES_ERROR;
				CLANG_WARN_DOCUMENTATION_COMMENTS = YES;
				CLANG_WARN_EMPTY_BODY = YES;
				CLANG_WARN_ENUM_CONVERSION = YES;
				CLANG_WARN_INFINITE_RECURSION = YES;
				CLANG_WARN_INT_CONVERSION = YES;
				CLANG_WARN_OBJC_ROOT_CLASS = YES_ERROR;
				CLANG_WARN_SUSPICIOUS_MOVE = YES;
				CLANG_WARN_UNREACHABLE_CODE = YES;
				CLANG_WARN__DUPLICATE_METHOD_MATCH = YES;
				"CODE_SIGN_IDENTITY[sdk=iphoneos*]" = "iPhone Developer";
				COPY_PHASE_STRIP = NO;
				DEBUG_INFORMATION_FORMAT = dwarf;
				ENABLE_STRICT_OBJC_MSGSEND = YES;
				ENABLE_TESTABILITY = YES;
				GCC_C_LANGUAGE_STANDARD = gnu99;
				GCC_DYNAMIC_NO_PIC = NO;
				GCC_NO_COMMON_BLOCKS = YES;
				GCC_OPTIMIZATION_LEVEL = 0;
				GCC_PREPROCESSOR_DEFINITIONS = (
					"DEBUG=1",
					"$(inherited)",
				);
				GCC_WARN_64_TO_32_BIT_CONVERSION = YES;
				GCC_WARN_ABOUT_RETURN_TYPE = YES_ERROR;
				GCC_WARN_UNDECLARED_SELECTOR = YES;
				GCC_WARN_UNINITIALIZED_AUTOS = YES_AGGRESSIVE;
				GCC_WARN_UNUSED_FUNCTION = YES;
				GCC_WARN_UNUSED_VARIABLE = YES;
				IPHONEOS_DEPLOYMENT_TARGET = 10.2;
				MTL_ENABLE_DEBUG_INFO = YES;
				ONLY_ACTIVE_ARCH = YES;
				SDKROOT = iphoneos;
				TARGETED_DEVICE_FAMILY = "1,2";
			};
			name = Debug;
		};
		D257C4B61E824DA70084EA14 /* Release */ = {
			isa = XCBuildConfiguration;
			buildSettings = {
				ALWAYS_SEARCH_USER_PATHS = NO;
				CLANG_ANALYZER_NONNULL = YES;
				CLANG_CXX_LANGUAGE_STANDARD = "gnu++0x";
				CLANG_CXX_LIBRARY = "libc++";
				CLANG_ENABLE_MODULES = YES;
				CLANG_ENABLE_OBJC_ARC = YES;
				CLANG_WARN_BOOL_CONVERSION = YES;
				CLANG_WARN_CONSTANT_CONVERSION = YES;
				CLANG_WARN_DIRECT_OBJC_ISA_USAGE = YES_ERROR;
				CLANG_WARN_DOCUMENTATION_COMMENTS = YES;
				CLANG_WARN_EMPTY_BODY = YES;
				CLANG_WARN_ENUM_CONVERSION = YES;
				CLANG_WARN_INFINITE_RECURSION = YES;
				CLANG_WARN_INT_CONVERSION = YES;
				CLANG_WARN_OBJC_ROOT_CLASS = YES_ERROR;
				CLANG_WARN_SUSPICIOUS_MOVE = YES;
				CLANG_WARN_UNREACHABLE_CODE = YES;
				CLANG_WARN__DUPLICATE_METHOD_MATCH = YES;
				"CODE_SIGN_IDENTITY[sdk=iphoneos*]" = "iPhone Developer";
				COPY_PHASE_STRIP = NO;
				DEBUG_INFORMATION_FORMAT = "dwarf-with-dsym";
				ENABLE_NS_ASSERTIONS = NO;
				ENABLE_STRICT_OBJC_MSGSEND = YES;
				GCC_C_LANGUAGE_STANDARD = gnu99;
				GCC_NO_COMMON_BLOCKS = YES;
				GCC_WARN_64_TO_32_BIT_CONVERSION = YES;
				GCC_WARN_ABOUT_RETURN_TYPE = YES_ERROR;
				GCC_WARN_UNDECLARED_SELECTOR = YES;
				GCC_WARN_UNINITIALIZED_AUTOS = YES_AGGRESSIVE;
				GCC_WARN_UNUSED_FUNCTION = YES;
				GCC_WARN_UNUSED_VARIABLE = YES;
				IPHONEOS_DEPLOYMENT_TARGET = 10.2;
				MTL_ENABLE_DEBUG_INFO = NO;
				SDKROOT = iphoneos;
				TARGETED_DEVICE_FAMILY = "1,2";
				VALIDATE_PRODUCT = YES;
			};
			name = Release;
		};
		D257C4B81E824DA70084EA14 /* Debug */ = {
			isa = XCBuildConfiguration;
			baseConfigurationReference = 2D3971E5716F816A68C0D6F9 /* Pods-MJHBasicFramework.debug.xcconfig */;
			buildSettings = {
				ASSETCATALOG_COMPILER_APPICON_NAME = AppIcon;
				DEVELOPMENT_TEAM = DASVFR84HQ;
				GCC_PRECOMPILE_PREFIX_HEADER = YES;
				GCC_PREFIX_HEADER = "$(SRCROOT)/MJHBasicFramework/Configure/MJHPrefixHeader.pch";
				INFOPLIST_FILE = MJHBasicFramework/Info.plist;
				IPHONEOS_DEPLOYMENT_TARGET = 8.0;
				LD_RUNPATH_SEARCH_PATHS = "$(inherited) @executable_path/Frameworks";
				OTHER_CFLAGS = (
					"$(inherited)",
					"-isystem",
					"\"${PODS_ROOT}/Headers/Public\"",
					"-isystem",
					"\"${PODS_ROOT}/Headers/Public/AFNetworking\"",
					"-isystem",
					"\"${PODS_ROOT}/Headers/Public/SDWebImage\"",
					"-isystem",
					"\"${PODS_ROOT}/Headers/Public/SVProgressHUD\"",
					"-isystem",
					"\"${PODS_ROOT}/Headers/Public/UIActivityIndicator-for-SDWebImage\"",
					"-DDEBUG",
				);
				PRODUCT_BUNDLE_IDENTIFIER = com.mjh.MJHBasicFramework;
				PRODUCT_NAME = "$(TARGET_NAME)";
			};
			name = Debug;
		};
		D257C4B91E824DA70084EA14 /* Release */ = {
			isa = XCBuildConfiguration;
			baseConfigurationReference = DA32244329D02E54DA392DB5 /* Pods-MJHBasicFramework.release.xcconfig */;
			buildSettings = {
				ASSETCATALOG_COMPILER_APPICON_NAME = AppIcon;
				DEVELOPMENT_TEAM = DASVFR84HQ;
				GCC_PRECOMPILE_PREFIX_HEADER = YES;
				GCC_PREFIX_HEADER = "$(SRCROOT)/MJHBasicFramework/Configure/MJHPrefixHeader.pch";
				INFOPLIST_FILE = MJHBasicFramework/Info.plist;
				IPHONEOS_DEPLOYMENT_TARGET = 8.0;
				LD_RUNPATH_SEARCH_PATHS = "$(inherited) @executable_path/Frameworks";
				PRODUCT_BUNDLE_IDENTIFIER = com.mjh.MJHBasicFramework;
				PRODUCT_NAME = "$(TARGET_NAME)";
			};
			name = Release;
		};
		D257C4BB1E824DA70084EA14 /* Debug */ = {
			isa = XCBuildConfiguration;
			buildSettings = {
				BUNDLE_LOADER = "$(TEST_HOST)";
				INFOPLIST_FILE = MJHBasicFrameworkTests/Info.plist;
				LD_RUNPATH_SEARCH_PATHS = "$(inherited) @executable_path/Frameworks @loader_path/Frameworks";
				PRODUCT_BUNDLE_IDENTIFIER = com.mjh.MJHBasicFrameworkTests;
				PRODUCT_NAME = "$(TARGET_NAME)";
				TEST_HOST = "$(BUILT_PRODUCTS_DIR)/MJHBasicFramework.app/MJHBasicFramework";
			};
			name = Debug;
		};
		D257C4BC1E824DA70084EA14 /* Release */ = {
			isa = XCBuildConfiguration;
			buildSettings = {
				BUNDLE_LOADER = "$(TEST_HOST)";
				INFOPLIST_FILE = MJHBasicFrameworkTests/Info.plist;
				LD_RUNPATH_SEARCH_PATHS = "$(inherited) @executable_path/Frameworks @loader_path/Frameworks";
				PRODUCT_BUNDLE_IDENTIFIER = com.mjh.MJHBasicFrameworkTests;
				PRODUCT_NAME = "$(TARGET_NAME)";
				TEST_HOST = "$(BUILT_PRODUCTS_DIR)/MJHBasicFramework.app/MJHBasicFramework";
			};
			name = Release;
		};
		D257C4BE1E824DA70084EA14 /* Debug */ = {
			isa = XCBuildConfiguration;
			buildSettings = {
				INFOPLIST_FILE = MJHBasicFrameworkUITests/Info.plist;
				LD_RUNPATH_SEARCH_PATHS = "$(inherited) @executable_path/Frameworks @loader_path/Frameworks";
				PRODUCT_BUNDLE_IDENTIFIER = com.mjh.MJHBasicFrameworkUITests;
				PRODUCT_NAME = "$(TARGET_NAME)";
				TEST_TARGET_NAME = MJHBasicFramework;
			};
			name = Debug;
		};
		D257C4BF1E824DA70084EA14 /* Release */ = {
			isa = XCBuildConfiguration;
			buildSettings = {
				INFOPLIST_FILE = MJHBasicFrameworkUITests/Info.plist;
				LD_RUNPATH_SEARCH_PATHS = "$(inherited) @executable_path/Frameworks @loader_path/Frameworks";
				PRODUCT_BUNDLE_IDENTIFIER = com.mjh.MJHBasicFrameworkUITests;
				PRODUCT_NAME = "$(TARGET_NAME)";
				TEST_TARGET_NAME = MJHBasicFramework;
			};
			name = Release;
		};
/* End XCBuildConfiguration section */

/* Begin XCConfigurationList section */
		D257C4851E824DA70084EA14 /* Build configuration list for PBXProject "MJHBasicFramework" */ = {
			isa = XCConfigurationList;
			buildConfigurations = (
				D257C4B51E824DA70084EA14 /* Debug */,
				D257C4B61E824DA70084EA14 /* Release */,
			);
			defaultConfigurationIsVisible = 0;
			defaultConfigurationName = Release;
		};
		D257C4B71E824DA70084EA14 /* Build configuration list for PBXNativeTarget "MJHBasicFramework" */ = {
			isa = XCConfigurationList;
			buildConfigurations = (
				D257C4B81E824DA70084EA14 /* Debug */,
				D257C4B91E824DA70084EA14 /* Release */,
			);
			defaultConfigurationIsVisible = 0;
			defaultConfigurationName = Release;
		};
		D257C4BA1E824DA70084EA14 /* Build configuration list for PBXNativeTarget "MJHBasicFrameworkTests" */ = {
			isa = XCConfigurationList;
			buildConfigurations = (
				D257C4BB1E824DA70084EA14 /* Debug */,
				D257C4BC1E824DA70084EA14 /* Release */,
			);
			defaultConfigurationIsVisible = 0;
			defaultConfigurationName = Release;
		};
		D257C4BD1E824DA70084EA14 /* Build configuration list for PBXNativeTarget "MJHBasicFrameworkUITests" */ = {
			isa = XCConfigurationList;
			buildConfigurations = (
				D257C4BE1E824DA70084EA14 /* Debug */,
				D257C4BF1E824DA70084EA14 /* Release */,
			);
			defaultConfigurationIsVisible = 0;
			defaultConfigurationName = Release;
		};
/* End XCConfigurationList section */
	};
	rootObject = D257C4821E824DA70084EA14 /* Project object */;
}
